// !$*UTF8*$!
{
	archiveVersion = 1;
	classes = {
	};
	objectVersion = 56;
	objects = {

/* Begin PBXBuildFile section */
		CE2B093E2A98CC5900E62E01 /* NetworkService.swift in Sources */ = {isa = PBXBuildFile; fileRef = CE2B093D2A98CC5900E62E01 /* NetworkService.swift */; };
		CE2B09402A98CCEB00E62E01 /* EquipmentModel.swift in Sources */ = {isa = PBXBuildFile; fileRef = CE2B093F2A98CCEB00E62E01 /* EquipmentModel.swift */; };
		CE2B09432A98D5B300E62E01 /* PersonnelModel.swift in Sources */ = {isa = PBXBuildFile; fileRef = CE2B09422A98D5B300E62E01 /* PersonnelModel.swift */; };
		CE2B09472A98DA9500E62E01 /* EquipmentService.swift in Sources */ = {isa = PBXBuildFile; fileRef = CE2B09462A98DA9500E62E01 /* EquipmentService.swift */; };
		CE2B09492A99171B00E62E01 /* PersonnelService.swift in Sources */ = {isa = PBXBuildFile; fileRef = CE2B09482A99171B00E62E01 /* PersonnelService.swift */; };
		CE2B094D2A99236500E62E01 /* EquipmentTableViewCell.swift in Sources */ = {isa = PBXBuildFile; fileRef = CE2B094C2A99236500E62E01 /* EquipmentTableViewCell.swift */; };
		CE633A792A97AF5300BB521A /* AppDelegate.swift in Sources */ = {isa = PBXBuildFile; fileRef = CE633A782A97AF5300BB521A /* AppDelegate.swift */; };
		CE633A7B2A97AF5300BB521A /* SceneDelegate.swift in Sources */ = {isa = PBXBuildFile; fileRef = CE633A7A2A97AF5300BB521A /* SceneDelegate.swift */; };
		CE633A822A97AF5600BB521A /* Assets.xcassets in Resources */ = {isa = PBXBuildFile; fileRef = CE633A812A97AF5600BB521A /* Assets.xcassets */; };
		CE633A852A97AF5600BB521A /* LaunchScreen.storyboard in Resources */ = {isa = PBXBuildFile; fileRef = CE633A832A97AF5600BB521A /* LaunchScreen.storyboard */; };
		CE633A922A97B52C00BB521A /* MainViewCoordinator.swift in Sources */ = {isa = PBXBuildFile; fileRef = CE633A912A97B52C00BB521A /* MainViewCoordinator.swift */; };
		CE633A942A97B54E00BB521A /* MainViewController.swift in Sources */ = {isa = PBXBuildFile; fileRef = CE633A932A97B54E00BB521A /* MainViewController.swift */; };
		CE633A962A97B55900BB521A /* MainViewModel.swift in Sources */ = {isa = PBXBuildFile; fileRef = CE633A952A97B55900BB521A /* MainViewModel.swift */; };
		CE633A992A97B5B500BB521A /* EquipmentViewCoordinator.swift in Sources */ = {isa = PBXBuildFile; fileRef = CE633A982A97B5B500BB521A /* EquipmentViewCoordinator.swift */; };
		CE633A9B2A97B5E400BB521A /* EquipmentViewModel.swift in Sources */ = {isa = PBXBuildFile; fileRef = CE633A9A2A97B5E400BB521A /* EquipmentViewModel.swift */; };
		CE633A9D2A97B5F500BB521A /* EquipmentViewController.swift in Sources */ = {isa = PBXBuildFile; fileRef = CE633A9C2A97B5F500BB521A /* EquipmentViewController.swift */; };
		CE633A9F2A97B61D00BB521A /* PersonnelViewCoordinator.swift in Sources */ = {isa = PBXBuildFile; fileRef = CE633A9E2A97B61D00BB521A /* PersonnelViewCoordinator.swift */; };
		CE633AA12A97B63100BB521A /* PersonnelViewModel.swift in Sources */ = {isa = PBXBuildFile; fileRef = CE633AA02A97B63100BB521A /* PersonnelViewModel.swift */; };
		CE633AA32A97B68800BB521A /* PersonnelViewController.swift in Sources */ = {isa = PBXBuildFile; fileRef = CE633AA22A97B68800BB521A /* PersonnelViewController.swift */; };
/* End PBXBuildFile section */

/* Begin PBXFileReference section */
		CE2B093D2A98CC5900E62E01 /* NetworkService.swift */ = {isa = PBXFileReference; lastKnownFileType = sourcecode.swift; path = NetworkService.swift; sourceTree = "<group>"; };
		CE2B093F2A98CCEB00E62E01 /* EquipmentModel.swift */ = {isa = PBXFileReference; lastKnownFileType = sourcecode.swift; path = EquipmentModel.swift; sourceTree = "<group>"; };
		CE2B09422A98D5B300E62E01 /* PersonnelModel.swift */ = {isa = PBXFileReference; lastKnownFileType = sourcecode.swift; path = PersonnelModel.swift; sourceTree = "<group>"; };
		CE2B09462A98DA9500E62E01 /* EquipmentService.swift */ = {isa = PBXFileReference; lastKnownFileType = sourcecode.swift; path = EquipmentService.swift; sourceTree = "<group>"; };
		CE2B09482A99171B00E62E01 /* PersonnelService.swift */ = {isa = PBXFileReference; lastKnownFileType = sourcecode.swift; path = PersonnelService.swift; sourceTree = "<group>"; };
		CE2B094C2A99236500E62E01 /* EquipmentTableViewCell.swift */ = {isa = PBXFileReference; lastKnownFileType = sourcecode.swift; path = EquipmentTableViewCell.swift; sourceTree = "<group>"; };
		CE633A752A97AF5300BB521A /* EnemyLossesApp.app */ = {isa = PBXFileReference; explicitFileType = wrapper.application; includeInIndex = 0; path = EnemyLossesApp.app; sourceTree = BUILT_PRODUCTS_DIR; };
		CE633A782A97AF5300BB521A /* AppDelegate.swift */ = {isa = PBXFileReference; lastKnownFileType = sourcecode.swift; path = AppDelegate.swift; sourceTree = "<group>"; };
		CE633A7A2A97AF5300BB521A /* SceneDelegate.swift */ = {isa = PBXFileReference; lastKnownFileType = sourcecode.swift; path = SceneDelegate.swift; sourceTree = "<group>"; };
		CE633A812A97AF5600BB521A /* Assets.xcassets */ = {isa = PBXFileReference; lastKnownFileType = folder.assetcatalog; path = Assets.xcassets; sourceTree = "<group>"; };
		CE633A842A97AF5600BB521A /* Base */ = {isa = PBXFileReference; lastKnownFileType = file.storyboard; name = Base; path = Base.lproj/LaunchScreen.storyboard; sourceTree = "<group>"; };
		CE633A862A97AF5600BB521A /* Info.plist */ = {isa = PBXFileReference; lastKnownFileType = text.plist.xml; path = Info.plist; sourceTree = "<group>"; };
		CE633A912A97B52C00BB521A /* MainViewCoordinator.swift */ = {isa = PBXFileReference; lastKnownFileType = sourcecode.swift; path = MainViewCoordinator.swift; sourceTree = "<group>"; };
		CE633A932A97B54E00BB521A /* MainViewController.swift */ = {isa = PBXFileReference; lastKnownFileType = sourcecode.swift; path = MainViewController.swift; sourceTree = "<group>"; };
		CE633A952A97B55900BB521A /* MainViewModel.swift */ = {isa = PBXFileReference; lastKnownFileType = sourcecode.swift; path = MainViewModel.swift; sourceTree = "<group>"; };
		CE633A982A97B5B500BB521A /* EquipmentViewCoordinator.swift */ = {isa = PBXFileReference; lastKnownFileType = sourcecode.swift; path = EquipmentViewCoordinator.swift; sourceTree = "<group>"; };
		CE633A9A2A97B5E400BB521A /* EquipmentViewModel.swift */ = {isa = PBXFileReference; lastKnownFileType = sourcecode.swift; path = EquipmentViewModel.swift; sourceTree = "<group>"; };
		CE633A9C2A97B5F500BB521A /* EquipmentViewController.swift */ = {isa = PBXFileReference; lastKnownFileType = sourcecode.swift; path = EquipmentViewController.swift; sourceTree = "<group>"; };
		CE633A9E2A97B61D00BB521A /* PersonnelViewCoordinator.swift */ = {isa = PBXFileReference; lastKnownFileType = sourcecode.swift; path = PersonnelViewCoordinator.swift; sourceTree = "<group>"; };
		CE633AA02A97B63100BB521A /* PersonnelViewModel.swift */ = {isa = PBXFileReference; lastKnownFileType = sourcecode.swift; path = PersonnelViewModel.swift; sourceTree = "<group>"; };
		CE633AA22A97B68800BB521A /* PersonnelViewController.swift */ = {isa = PBXFileReference; lastKnownFileType = sourcecode.swift; path = PersonnelViewController.swift; sourceTree = "<group>"; };
/* End PBXFileReference section */

/* Begin PBXFrameworksBuildPhase section */
		CE633A722A97AF5300BB521A /* Frameworks */ = {
			isa = PBXFrameworksBuildPhase;
			buildActionMask = 2147483647;
			files = (
			);
			runOnlyForDeploymentPostprocessing = 0;
		};
/* End PBXFrameworksBuildPhase section */

/* Begin PBXGroup section */
		CE2B093C2A98CBCA00E62E01 /* Network */ = {
			isa = PBXGroup;
			children = (
				CE2B093D2A98CC5900E62E01 /* NetworkService.swift */,
			);
			path = Network;
			sourceTree = "<group>";
		};
		CE2B09412A98CCF500E62E01 /* Models */ = {
			isa = PBXGroup;
			children = (
				CE2B093F2A98CCEB00E62E01 /* EquipmentModel.swift */,
				CE2B09422A98D5B300E62E01 /* PersonnelModel.swift */,
			);
			path = Models;
			sourceTree = "<group>";
		};
		CE2B09442A98DA6B00E62E01 /* EquipmentData */ = {
			isa = PBXGroup;
			children = (
				CE2B09462A98DA9500E62E01 /* EquipmentService.swift */,
			);
			path = EquipmentData;
			sourceTree = "<group>";
		};
		CE2B09452A98DA7700E62E01 /* PersonnelData */ = {
			isa = PBXGroup;
			children = (
				CE2B09482A99171B00E62E01 /* PersonnelService.swift */,
			);
			path = PersonnelData;
			sourceTree = "<group>";
		};
		CE2B094B2A99229800E62E01 /* CustomUI */ = {
			isa = PBXGroup;
			children = (
				CE2B094C2A99236500E62E01 /* EquipmentTableViewCell.swift */,
			);
			path = CustomUI;
			sourceTree = "<group>";
		};
		CE633A6C2A97AF5300BB521A = {
			isa = PBXGroup;
			children = (
				CE633A772A97AF5300BB521A /* EnemyLossesApp */,
				CE633A762A97AF5300BB521A /* Products */,
			);
			sourceTree = "<group>";
		};
		CE633A762A97AF5300BB521A /* Products */ = {
			isa = PBXGroup;
			children = (
				CE633A752A97AF5300BB521A /* EnemyLossesApp.app */,
			);
			name = Products;
			sourceTree = "<group>";
		};
		CE633A772A97AF5300BB521A /* EnemyLossesApp */ = {
			isa = PBXGroup;
			children = (
				CE633A782A97AF5300BB521A /* AppDelegate.swift */,
				CE633A7A2A97AF5300BB521A /* SceneDelegate.swift */,
				CE633A8C2A97B02500BB521A /* Bussiness */,
				CE633A8D2A97B02F00BB521A /* UI */,
				CE633A812A97AF5600BB521A /* Assets.xcassets */,
				CE633A832A97AF5600BB521A /* LaunchScreen.storyboard */,
				CE633A862A97AF5600BB521A /* Info.plist */,
			);
			path = EnemyLossesApp;
			sourceTree = "<group>";
		};
		CE633A8C2A97B02500BB521A /* Bussiness */ = {
			isa = PBXGroup;
			children = (
				CE2B09442A98DA6B00E62E01 /* EquipmentData */,
				CE2B09452A98DA7700E62E01 /* PersonnelData */,
				CE2B09412A98CCF500E62E01 /* Models */,
				CE2B093C2A98CBCA00E62E01 /* Network */,
			);
			path = Bussiness;
			sourceTree = "<group>";
		};
		CE633A8D2A97B02F00BB521A /* UI */ = {
			isa = PBXGroup;
			children = (
				CE633A8E2A97B03700BB521A /* Main */,
				CE633A8F2A97B03D00BB521A /* Equipment */,
				CE633A902A97B04600BB521A /* Personnel */,
			);
			path = UI;
			sourceTree = "<group>";
		};
		CE633A8E2A97B03700BB521A /* Main */ = {
			isa = PBXGroup;
			children = (
				CE633A912A97B52C00BB521A /* MainViewCoordinator.swift */,
				CE633A932A97B54E00BB521A /* MainViewController.swift */,
				CE633A952A97B55900BB521A /* MainViewModel.swift */,
			);
			path = Main;
			sourceTree = "<group>";
		};
		CE633A8F2A97B03D00BB521A /* Equipment */ = {
			isa = PBXGroup;
			children = (
				CE633A982A97B5B500BB521A /* EquipmentViewCoordinator.swift */,
				CE633A9C2A97B5F500BB521A /* EquipmentViewController.swift */,
				CE633A9A2A97B5E400BB521A /* EquipmentViewModel.swift */,
				CE2B094B2A99229800E62E01 /* CustomUI */,
			);
			path = Equipment;
			sourceTree = "<group>";
		};
		CE633A902A97B04600BB521A /* Personnel */ = {
			isa = PBXGroup;
			children = (
				CE633A9E2A97B61D00BB521A /* PersonnelViewCoordinator.swift */,
				CE633AA22A97B68800BB521A /* PersonnelViewController.swift */,
				CE633AA02A97B63100BB521A /* PersonnelViewModel.swift */,
			);
			path = Personnel;
			sourceTree = "<group>";
		};
/* End PBXGroup section */

/* Begin PBXNativeTarget section */
		CE633A742A97AF5300BB521A /* EnemyLossesApp */ = {
			isa = PBXNativeTarget;
			buildConfigurationList = CE633A892A97AF5600BB521A /* Build configuration list for PBXNativeTarget "EnemyLossesApp" */;
			buildPhases = (
				CE633A712A97AF5300BB521A /* Sources */,
				CE633A722A97AF5300BB521A /* Frameworks */,
				CE633A732A97AF5300BB521A /* Resources */,
			);
			buildRules = (
			);
			dependencies = (
			);
			name = EnemyLossesApp;
			productName = EnemyLossesApp;
			productReference = CE633A752A97AF5300BB521A /* EnemyLossesApp.app */;
			productType = "com.apple.product-type.application";
		};
/* End PBXNativeTarget section */

/* Begin PBXProject section */
		CE633A6D2A97AF5300BB521A /* Project object */ = {
			isa = PBXProject;
			attributes = {
				BuildIndependentTargetsInParallel = 1;
				LastSwiftUpdateCheck = 1430;
				LastUpgradeCheck = 1430;
				TargetAttributes = {
					CE633A742A97AF5300BB521A = {
						CreatedOnToolsVersion = 14.3.1;
					};
				};
			};
			buildConfigurationList = CE633A702A97AF5300BB521A /* Build configuration list for PBXProject "EnemyLossesApp" */;
			compatibilityVersion = "Xcode 14.0";
			developmentRegion = en;
			hasScannedForEncodings = 0;
			knownRegions = (
				en,
				Base,
			);
			mainGroup = CE633A6C2A97AF5300BB521A;
			productRefGroup = CE633A762A97AF5300BB521A /* Products */;
			projectDirPath = "";
			projectRoot = "";
			targets = (
				CE633A742A97AF5300BB521A /* EnemyLossesApp */,
			);
		};
/* End PBXProject section */

/* Begin PBXResourcesBuildPhase section */
		CE633A732A97AF5300BB521A /* Resources */ = {
			isa = PBXResourcesBuildPhase;
			buildActionMask = 2147483647;
			files = (
				CE633A852A97AF5600BB521A /* LaunchScreen.storyboard in Resources */,
				CE633A822A97AF5600BB521A /* Assets.xcassets in Resources */,
			);
			runOnlyForDeploymentPostprocessing = 0;
		};
/* End PBXResourcesBuildPhase section */

/* Begin PBXSourcesBuildPhase section */
		CE633A712A97AF5300BB521A /* Sources */ = {
			isa = PBXSourcesBuildPhase;
			buildActionMask = 2147483647;
			files = (
				CE633A922A97B52C00BB521A /* MainViewCoordinator.swift in Sources */,
				CE2B09472A98DA9500E62E01 /* EquipmentService.swift in Sources */,
				CE633A792A97AF5300BB521A /* AppDelegate.swift in Sources */,
				CE2B09402A98CCEB00E62E01 /* EquipmentModel.swift in Sources */,
				CE633A7B2A97AF5300BB521A /* SceneDelegate.swift in Sources */,
				CE2B09432A98D5B300E62E01 /* PersonnelModel.swift in Sources */,
				CE2B094D2A99236500E62E01 /* EquipmentTableViewCell.swift in Sources */,
				CE633A942A97B54E00BB521A /* MainViewController.swift in Sources */,
				CE633AA32A97B68800BB521A /* PersonnelViewController.swift in Sources */,
				CE2B09492A99171B00E62E01 /* PersonnelService.swift in Sources */,
				CE633A9D2A97B5F500BB521A /* EquipmentViewController.swift in Sources */,
				CE633AA12A97B63100BB521A /* PersonnelViewModel.swift in Sources */,
				CE633A962A97B55900BB521A /* MainViewModel.swift in Sources */,
				CE633A992A97B5B500BB521A /* EquipmentViewCoordinator.swift in Sources */,
				CE633A9F2A97B61D00BB521A /* PersonnelViewCoordinator.swift in Sources */,
				CE2B093E2A98CC5900E62E01 /* NetworkService.swift in Sources */,
				CE633A9B2A97B5E400BB521A /* EquipmentViewModel.swift in Sources */,
			);
			runOnlyForDeploymentPostprocessing = 0;
		};
/* End PBXSourcesBuildPhase section */

/* Begin PBXVariantGroup section */
		CE633A832A97AF5600BB521A /* LaunchScreen.storyboard */ = {
			isa = PBXVariantGroup;
			children = (
				CE633A842A97AF5600BB521A /* Base */,
			);
			name = LaunchScreen.storyboard;
			sourceTree = "<group>";
		};
/* End PBXVariantGroup section */

/* Begin XCBuildConfiguration section */
		CE633A872A97AF5600BB521A /* Debug */ = {
			isa = XCBuildConfiguration;
			buildSettings = {
				ALWAYS_SEARCH_USER_PATHS = NO;
				CLANG_ANALYZER_NONNULL = YES;
				CLANG_ANALYZER_NUMBER_OBJECT_CONVERSION = YES_AGGRESSIVE;
				CLANG_CXX_LANGUAGE_STANDARD = "gnu++20";
				CLANG_ENABLE_MODULES = YES;
				CLANG_ENABLE_OBJC_ARC = YES;
				CLANG_ENABLE_OBJC_WEAK = YES;
				CLANG_WARN_BLOCK_CAPTURE_AUTORELEASING = YES;
				CLANG_WARN_BOOL_CONVERSION = YES;
				CLANG_WARN_COMMA = YES;
				CLANG_WARN_CONSTANT_CONVERSION = YES;
				CLANG_WARN_DEPRECATED_OBJC_IMPLEMENTATIONS = YES;
				CLANG_WARN_DIRECT_OBJC_ISA_USAGE = YES_ERROR;
				CLANG_WARN_DOCUMENTATION_COMMENTS = YES;
				CLANG_WARN_EMPTY_BODY = YES;
				CLANG_WARN_ENUM_CONVERSION = YES;
				CLANG_WARN_INFINITE_RECURSION = YES;
				CLANG_WARN_INT_CONVERSION = YES;
				CLANG_WARN_NON_LITERAL_NULL_CONVERSION = YES;
				CLANG_WARN_OBJC_IMPLICIT_RETAIN_SELF = YES;
				CLANG_WARN_OBJC_LITERAL_CONVERSION = YES;
				CLANG_WARN_OBJC_ROOT_CLASS = YES_ERROR;
				CLANG_WARN_QUOTED_INCLUDE_IN_FRAMEWORK_HEADER = YES;
				CLANG_WARN_RANGE_LOOP_ANALYSIS = YES;
				CLANG_WARN_STRICT_PROTOTYPES = YES;
				CLANG_WARN_SUSPICIOUS_MOVE = YES;
				CLANG_WARN_UNGUARDED_AVAILABILITY = YES_AGGRESSIVE;
				CLANG_WARN_UNREACHABLE_CODE = YES;
				CLANG_WARN__DUPLICATE_METHOD_MATCH = YES;
				COPY_PHASE_STRIP = NO;
				DEBUG_INFORMATION_FORMAT = dwarf;
				ENABLE_STRICT_OBJC_MSGSEND = YES;
				ENABLE_TESTABILITY = YES;
				GCC_C_LANGUAGE_STANDARD = gnu11;
				GCC_DYNAMIC_NO_PIC = NO;
				GCC_NO_COMMON_BLOCKS = YES;
				GCC_OPTIMIZATION_LEVEL = 0;
				GCC_PREPROCESSOR_DEFINITIONS = (
					"DEBUG=1",
					"$(inherited)",
				);
				GCC_WARN_64_TO_32_BIT_CONVERSION = YES;
				GCC_WARN_ABOUT_RETURN_TYPE = YES_ERROR;
				GCC_WARN_UNDECLARED_SELECTOR = YES;
				GCC_WARN_UNINITIALIZED_AUTOS = YES_AGGRESSIVE;
				GCC_WARN_UNUSED_FUNCTION = YES;
				GCC_WARN_UNUSED_VARIABLE = YES;
				IPHONEOS_DEPLOYMENT_TARGET = 16.4;
				MTL_ENABLE_DEBUG_INFO = INCLUDE_SOURCE;
				MTL_FAST_MATH = YES;
				ONLY_ACTIVE_ARCH = YES;
				SDKROOT = iphoneos;
				SWIFT_ACTIVE_COMPILATION_CONDITIONS = DEBUG;
				SWIFT_OPTIMIZATION_LEVEL = "-Onone";
			};
			name = Debug;
		};
		CE633A882A97AF5600BB521A /* Release */ = {
			isa = XCBuildConfiguration;
			buildSettings = {
				ALWAYS_SEARCH_USER_PATHS = NO;
				CLANG_ANALYZER_NONNULL = YES;
				CLANG_ANALYZER_NUMBER_OBJECT_CONVERSION = YES_AGGRESSIVE;
				CLANG_CXX_LANGUAGE_STANDARD = "gnu++20";
				CLANG_ENABLE_MODULES = YES;
				CLANG_ENABLE_OBJC_ARC = YES;
				CLANG_ENABLE_OBJC_WEAK = YES;
				CLANG_WARN_BLOCK_CAPTURE_AUTORELEASING = YES;
				CLANG_WARN_BOOL_CONVERSION = YES;
				CLANG_WARN_COMMA = YES;
				CLANG_WARN_CONSTANT_CONVERSION = YES;
				CLANG_WARN_DEPRECATED_OBJC_IMPLEMENTATIONS = YES;
				CLANG_WARN_DIRECT_OBJC_ISA_USAGE = YES_ERROR;
				CLANG_WARN_DOCUMENTATION_COMMENTS = YES;
				CLANG_WARN_EMPTY_BODY = YES;
				CLANG_WARN_ENUM_CONVERSION = YES;
				CLANG_WARN_INFINITE_RECURSION = YES;
				CLANG_WARN_INT_CONVERSION = YES;
				CLANG_WARN_NON_LITERAL_NULL_CONVERSION = YES;
				CLANG_WARN_OBJC_IMPLICIT_RETAIN_SELF = YES;
				CLANG_WARN_OBJC_LITERAL_CONVERSION = YES;
				CLANG_WARN_OBJC_ROOT_CLASS = YES_ERROR;
				CLANG_WARN_QUOTED_INCLUDE_IN_FRAMEWORK_HEADER = YES;
				CLANG_WARN_RANGE_LOOP_ANALYSIS = YES;
				CLANG_WARN_STRICT_PROTOTYPES = YES;
				CLANG_WARN_SUSPICIOUS_MOVE = YES;
				CLANG_WARN_UNGUARDED_AVAILABILITY = YES_AGGRESSIVE;
				CLANG_WARN_UNREACHABLE_CODE = YES;
				CLANG_WARN__DUPLICATE_METHOD_MATCH = YES;
				COPY_PHASE_STRIP = NO;
				DEBUG_INFORMATION_FORMAT = "dwarf-with-dsym";
				ENABLE_NS_ASSERTIONS = NO;
				ENABLE_STRICT_OBJC_MSGSEND = YES;
				GCC_C_LANGUAGE_STANDARD = gnu11;
				GCC_NO_COMMON_BLOCKS = YES;
				GCC_WARN_64_TO_32_BIT_CONVERSION = YES;
				GCC_WARN_ABOUT_RETURN_TYPE = YES_ERROR;
				GCC_WARN_UNDECLARED_SELECTOR = YES;
				GCC_WARN_UNINITIALIZED_AUTOS = YES_AGGRESSIVE;
				GCC_WARN_UNUSED_FUNCTION = YES;
				GCC_WARN_UNUSED_VARIABLE = YES;
				IPHONEOS_DEPLOYMENT_TARGET = 16.4;
				MTL_ENABLE_DEBUG_INFO = NO;
				MTL_FAST_MATH = YES;
				SDKROOT = iphoneos;
				SWIFT_COMPILATION_MODE = wholemodule;
				SWIFT_OPTIMIZATION_LEVEL = "-O";
				VALIDATE_PRODUCT = YES;
			};
			name = Release;
		};
		CE633A8A2A97AF5600BB521A /* Debug */ = {
			isa = XCBuildConfiguration;
			buildSettings = {
				ASSETCATALOG_COMPILER_APPICON_NAME = AppIcon;
				ASSETCATALOG_COMPILER_GLOBAL_ACCENT_COLOR_NAME = AccentColor;
				CODE_SIGN_STYLE = Automatic;
				CURRENT_PROJECT_VERSION = 1;
				DEVELOPMENT_TEAM = T999GJYMD3;
				GENERATE_INFOPLIST_FILE = YES;
				INFOPLIST_FILE = EnemyLossesApp/Info.plist;
				INFOPLIST_KEY_UIApplicationSupportsIndirectInputEvents = YES;
				INFOPLIST_KEY_UILaunchStoryboardName = LaunchScreen;
				INFOPLIST_KEY_UISupportedInterfaceOrientations_iPad = "UIInterfaceOrientationPortrait UIInterfaceOrientationPortraitUpsideDown UIInterfaceOrientationLandscapeLeft UIInterfaceOrientationLandscapeRight";
				INFOPLIST_KEY_UISupportedInterfaceOrientations_iPhone = "UIInterfaceOrientationPortrait UIInterfaceOrientationLandscapeLeft UIInterfaceOrientationLandscapeRight";
				IPHONEOS_DEPLOYMENT_TARGET = 15.6;
				LD_RUNPATH_SEARCH_PATHS = (
					"$(inherited)",
					"@executable_path/Frameworks",
				);
				MARKETING_VERSION = 1.0;
				PRODUCT_BUNDLE_IDENTIFIER = com.example.EnemyLossesApp;
				PRODUCT_NAME = "$(TARGET_NAME)";
				SWIFT_EMIT_LOC_STRINGS = YES;
				SWIFT_VERSION = 5.0;
				TARGETED_DEVICE_FAMILY = "1,2";
			};
			name = Debug;
		};
		CE633A8B2A97AF5600BB521A /* Release */ = {
			isa = XCBuildConfiguration;
			buildSettings = {
				ASSETCATALOG_COMPILER_APPICON_NAME = AppIcon;
				ASSETCATALOG_COMPILER_GLOBAL_ACCENT_COLOR_NAME = AccentColor;
				CODE_SIGN_STYLE = Automatic;
				CURRENT_PROJECT_VERSION = 1;
				DEVELOPMENT_TEAM = T999GJYMD3;
				GENERATE_INFOPLIST_FILE = YES;
				INFOPLIST_FILE = EnemyLossesApp/Info.plist;
				INFOPLIST_KEY_UIApplicationSupportsIndirectInputEvents = YES;
				INFOPLIST_KEY_UILaunchStoryboardName = LaunchScreen;
				INFOPLIST_KEY_UISupportedInterfaceOrientations_iPad = "UIInterfaceOrientationPortrait UIInterfaceOrientationPortraitUpsideDown UIInterfaceOrientationLandscapeLeft UIInterfaceOrientationLandscapeRight";
				INFOPLIST_KEY_UISupportedInterfaceOrientations_iPhone = "UIInterfaceOrientationPortrait UIInterfaceOrientationLandscapeLeft UIInterfaceOrientationLandscapeRight";
				IPHONEOS_DEPLOYMENT_TARGET = 15.6;
				LD_RUNPATH_SEARCH_PATHS = (
					"$(inherited)",
					"@executable_path/Frameworks",
				);
				MARKETING_VERSION = 1.0;
				PRODUCT_BUNDLE_IDENTIFIER = com.example.EnemyLossesApp;
				PRODUCT_NAME = "$(TARGET_NAME)";
				SWIFT_EMIT_LOC_STRINGS = YES;
				SWIFT_VERSION = 5.0;
				TARGETED_DEVICE_FAMILY = "1,2";
			};
			name = Release;
		};
/* End XCBuildConfiguration section */

/* Begin XCConfigurationList section */
		CE633A702A97AF5300BB521A /* Build configuration list for PBXProject "EnemyLossesApp" */ = {
			isa = XCConfigurationList;
			buildConfigurations = (
				CE633A872A97AF5600BB521A /* Debug */,
				CE633A882A97AF5600BB521A /* Release */,
			);
			defaultConfigurationIsVisible = 0;
			defaultConfigurationName = Release;
		};
		CE633A892A97AF5600BB521A /* Build configuration list for PBXNativeTarget "EnemyLossesApp" */ = {
			isa = XCConfigurationList;
			buildConfigurations = (
				CE633A8A2A97AF5600BB521A /* Debug */,
				CE633A8B2A97AF5600BB521A /* Release */,
			);
			defaultConfigurationIsVisible = 0;
			defaultConfigurationName = Release;
		};
/* End XCConfigurationList section */
	};
	rootObject = CE633A6D2A97AF5300BB521A /* Project object */;
}
